{
  "name": "JS225_Object_Oriented_JavaScript",
  "version": "1.0.0",
  "lockfileVersion": 1,
  "requires": true,
  "dependencies": {
    "random-item": {
      "version": "3.0.0",
      "resolved": "https://registry.npmjs.org/random-item/-/random-item-3.0.0.tgz",
      "integrity": "sha512-IpO3Jk9/Dt79R7iS/Fn2d2asGXahMNnXLNRsgSmjTTtiS0tZ972BWEEm9uUgm3YAon5YFUt8126FA9wJAjmeZw=="
    }
  }
}
